
Microsoft Visual Studio Solution File, Format Version 12.00
# Visual Studio Version 17
VisualStudioVersion = 17.11.35303.130
MinimumVisualStudioVersion = 10.0.40219.1
Project("{FAE04EC0-301F-11D3-BF4B-00C04F79EFBC}") = "Mini project 3", "Mini project 3\Mini project 3.csproj", "{BB85E9DA-F062-494F-B138-FA3B0BC1BC0F}"
EndProject
Global
	GlobalSection(SolutionConfigurationPlatforms) = preSolution
		Debug|Any CPU = Debug|Any CPU
		Release|Any CPU = Release|Any CPU
	EndGlobalSection
	GlobalSection(ProjectConfigurationPlatforms) = postSolution
		{BB85E9DA-F062-494F-B138-FA3B0BC1BC0F}.Debug|Any CPU.ActiveCfg = Debug|Any CPU
		{BB85E9DA-F062-494F-B138-FA3B0BC1BC0F}.Debug|Any CPU.Build.0 = Debug|Any CPU
		{BB85E9DA-F062-494F-B138-FA3B0BC1BC0F}.Release|Any CPU.ActiveCfg = Release|Any CPU
		{BB85E9DA-F062-494F-B138-FA3B0BC1BC0F}.Release|Any CPU.Build.0 = Release|Any CPU
	EndGlobalSection
	GlobalSection(SolutionProperties) = preSolution
		HideSolutionNode = FALSE
	EndGlobalSection
	GlobalSection(ExtensibilityGlobals) = postSolution
		SolutionGuid = {32026E04-33F2-4C27-B732-77B26EE06AB2}
	EndGlobalSection
EndGlobal
